
Microsoft Visual Studio Solution File, Format Version 12.00
# Visual Studio Version 17
VisualStudioVersion = 17.0.31903.59
MinimumVisualStudioVersion = 10.0.40219.1
Project("{9A19103F-16F7-4668-BE54-9A1E7A4F7556}") = "PLC通讯基础控件项目", "PLC通讯基础控件项目\PLC通讯基础控件项目.csproj", "{37A9E0C4-AE41-40A2-A05B-2DFEDAF94655}"
EndProject
Project("{9A19103F-16F7-4668-BE54-9A1E7A4F7556}") = "PLC通讯库", "PLC通讯库\PLC通讯库.csproj", "{31BAB9B3-AFE9-4858-BE23-628CEE72DBA4}"
EndProject
Project("{9A19103F-16F7-4668-BE54-9A1E7A4F7556}") = "HD烟灶联动项目", "测试项目\HD烟灶联动项目.csproj", "{53FFB8A0-D057-4202-AE7B-C5F44B790151}"
EndProject
Global
	GlobalSection(SolutionConfigurationPlatforms) = preSolution
		Debug|Any CPU = Debug|Any CPU
		Release|Any CPU = Release|Any CPU
	EndGlobalSection
	GlobalSection(ProjectConfigurationPlatforms) = postSolution
		{37A9E0C4-AE41-40A2-A05B-2DFEDAF94655}.Debug|Any CPU.ActiveCfg = Debug|Any CPU
		{37A9E0C4-AE41-40A2-A05B-2DFEDAF94655}.Debug|Any CPU.Build.0 = Debug|Any CPU
		{37A9E0C4-AE41-40A2-A05B-2DFEDAF94655}.Release|Any CPU.ActiveCfg = Release|Any CPU
		{37A9E0C4-AE41-40A2-A05B-2DFEDAF94655}.Release|Any CPU.Build.0 = Release|Any CPU
		{31BAB9B3-AFE9-4858-BE23-628CEE72DBA4}.Debug|Any CPU.ActiveCfg = Debug|Any CPU
		{31BAB9B3-AFE9-4858-BE23-628CEE72DBA4}.Debug|Any CPU.Build.0 = Debug|Any CPU
		{31BAB9B3-AFE9-4858-BE23-628CEE72DBA4}.Release|Any CPU.ActiveCfg = Release|Any CPU
		{31BAB9B3-AFE9-4858-BE23-628CEE72DBA4}.Release|Any CPU.Build.0 = Release|Any CPU
		{53FFB8A0-D057-4202-AE7B-C5F44B790151}.Debug|Any CPU.ActiveCfg = Debug|Any CPU
		{53FFB8A0-D057-4202-AE7B-C5F44B790151}.Debug|Any CPU.Build.0 = Debug|Any CPU
		{53FFB8A0-D057-4202-AE7B-C5F44B790151}.Release|Any CPU.ActiveCfg = Release|Any CPU
		{53FFB8A0-D057-4202-AE7B-C5F44B790151}.Release|Any CPU.Build.0 = Release|Any CPU
	EndGlobalSection
	GlobalSection(SolutionProperties) = preSolution
		HideSolutionNode = FALSE
	EndGlobalSection
	GlobalSection(ExtensibilityGlobals) = postSolution
		SolutionGuid = {784AB772-7C85-4A51-AF6C-A9F01FC535FF}
	EndGlobalSection
EndGlobal
